
Microsoft Visual Studio Solution File, Format Version 12.00
# Visual Studio 14
VisualStudioVersion = 14.0.25420.1
MinimumVisualStudioVersion = 10.0.40219.1
Project("{FAE04EC0-301F-11D3-BF4B-00C04F79EFBC}") = "UserServiceLibrary.Tests", "UserServiceLibrary.Tests\UserServiceLibrary.Tests.csproj", "{D61A3B01-979B-47B6-A903-4EB79CEEC6A9}"
EndProject
Project("{FAE04EC0-301F-11D3-BF4B-00C04F79EFBC}") = "UserServiceLibrary", "UserServiceLibrary\UserServiceLibrary.csproj", "{D940E03A-54AD-459E-93D0-B647C6BE9591}"
EndProject
Project("{FAE04EC0-301F-11D3-BF4B-00C04F79EFBC}") = "UserServiceApplication", "UserServiceApplication\UserServiceApplication.csproj", "{8CAC2EB4-3557-4CCA-A271-BA0DAC104E7E}"
EndProject
Project("{FAE04EC0-301F-11D3-BF4B-00C04F79EFBC}") = "Logger", "Logger\Logger.csproj", "{F114F7F0-C1A9-42A5-9ECA-C0C81FC63FC3}"
EndProject
Global
	GlobalSection(SolutionConfigurationPlatforms) = preSolution
		Debug|Any CPU = Debug|Any CPU
		Release|Any CPU = Release|Any CPU
	EndGlobalSection
	GlobalSection(ProjectConfigurationPlatforms) = postSolution
		{D61A3B01-979B-47B6-A903-4EB79CEEC6A9}.Debug|Any CPU.ActiveCfg = Debug|Any CPU
		{D61A3B01-979B-47B6-A903-4EB79CEEC6A9}.Debug|Any CPU.Build.0 = Debug|Any CPU
		{D61A3B01-979B-47B6-A903-4EB79CEEC6A9}.Release|Any CPU.ActiveCfg = Release|Any CPU
		{D61A3B01-979B-47B6-A903-4EB79CEEC6A9}.Release|Any CPU.Build.0 = Release|Any CPU
		{D940E03A-54AD-459E-93D0-B647C6BE9591}.Debug|Any CPU.ActiveCfg = Debug|Any CPU
		{D940E03A-54AD-459E-93D0-B647C6BE9591}.Debug|Any CPU.Build.0 = Debug|Any CPU
		{D940E03A-54AD-459E-93D0-B647C6BE9591}.Release|Any CPU.ActiveCfg = Release|Any CPU
		{D940E03A-54AD-459E-93D0-B647C6BE9591}.Release|Any CPU.Build.0 = Release|Any CPU
		{8CAC2EB4-3557-4CCA-A271-BA0DAC104E7E}.Debug|Any CPU.ActiveCfg = Debug|Any CPU
		{8CAC2EB4-3557-4CCA-A271-BA0DAC104E7E}.Debug|Any CPU.Build.0 = Debug|Any CPU
		{8CAC2EB4-3557-4CCA-A271-BA0DAC104E7E}.Release|Any CPU.ActiveCfg = Release|Any CPU
		{8CAC2EB4-3557-4CCA-A271-BA0DAC104E7E}.Release|Any CPU.Build.0 = Release|Any CPU
		{F114F7F0-C1A9-42A5-9ECA-C0C81FC63FC3}.Debug|Any CPU.ActiveCfg = Debug|Any CPU
		{F114F7F0-C1A9-42A5-9ECA-C0C81FC63FC3}.Debug|Any CPU.Build.0 = Debug|Any CPU
		{F114F7F0-C1A9-42A5-9ECA-C0C81FC63FC3}.Release|Any CPU.ActiveCfg = Release|Any CPU
		{F114F7F0-C1A9-42A5-9ECA-C0C81FC63FC3}.Release|Any CPU.Build.0 = Release|Any CPU
	EndGlobalSection
	GlobalSection(SolutionProperties) = preSolution
		HideSolutionNode = FALSE
	EndGlobalSection
EndGlobal
